// !$*UTF8*$!
{
	archiveVersion = 1;
	classes = {
	};
	objectVersion = 77;
	objects = {

/* Begin PBXBuildFile section */
		33C6BFA52F5C530E00DF2C52 /* WidgetKit.framework in Frameworks */ = {isa = PBXBuildFile; fileRef = 33C6BF622F5C52B600DF2C52 /* WidgetKit.framework */; };
		33C6BFA62F5C530E00DF2C52 /* SwiftUI.framework in Frameworks */ = {isa = PBXBuildFile; fileRef = 33C6BF642F5C52B700DF2C52 /* SwiftUI.framework */; };
		33C6BFB52F5C530F00DF2C52 /* SnowlyWidgetExtension.appex in Embed Foundation Extensions */ = {isa = PBXBuildFile; fileRef = 33C6BFA42F5C530E00DF2C52 /* SnowlyWidgetExtension.appex */; settings = {ATTRIBUTES = (RemoveHeadersOnCopy, ); }; };
		AA0000012F5500000000000E /* Snowly Watch App.app in Embed Watch Content */ = {isa = PBXBuildFile; fileRef = AA0000012F5500000000000001 /* Snowly Watch App.app */; settings = {ATTRIBUTES = (RemoveHeadersOnCopy, ); }; };
/* End PBXBuildFile section */

/* Begin PBXContainerItemProxy section */
		33A104482F558EA90066DAF5 /* PBXContainerItemProxy */ = {
			isa = PBXContainerItemProxy;
			containerPortal = 33A104302F558EA80066DAF5 /* Project object */;
			proxyType = 1;
			remoteGlobalIDString = 33A104372F558EA80066DAF5;
			remoteInfo = Snowly;
		};
		33A104522F558EA90066DAF5 /* PBXContainerItemProxy */ = {
			isa = PBXContainerItemProxy;
			containerPortal = 33A104302F558EA80066DAF5 /* Project object */;
			proxyType = 1;
			remoteGlobalIDString = 33A104372F558EA80066DAF5;
			remoteInfo = Snowly;
		};
		33C6BFB32F5C530F00DF2C52 /* PBXContainerItemProxy */ = {
			isa = PBXContainerItemProxy;
			containerPortal = 33A104302F558EA80066DAF5 /* Project object */;
			proxyType = 1;
			remoteGlobalIDString = 33C6BFA32F5C530E00DF2C52;
			remoteInfo = SnowlyWidgetExtension;
		};
		AA0000012F550000000000A /* PBXContainerItemProxy */ = {
			isa = PBXContainerItemProxy;
			containerPortal = 33A104302F558EA80066DAF5 /* Project object */;
			proxyType = 1;
			remoteGlobalIDString = AA0000012F5500000000000006;
			remoteInfo = "Snowly Watch App";
		};
/* End PBXContainerItemProxy section */

/* Begin PBXCopyFilesBuildPhase section */
		33C6BF772F5C52B700DF2C52 /* Embed Foundation Extensions */ = {
			isa = PBXCopyFilesBuildPhase;
			buildActionMask = 2147483647;
			dstPath = "";
			dstSubfolderSpec = 13;
			files = (
				33C6BFB52F5C530F00DF2C52 /* SnowlyWidgetExtension.appex in Embed Foundation Extensions */,
			);
			name = "Embed Foundation Extensions";
			runOnlyForDeploymentPostprocessing = 0;
		};
		AA0000012F550000000000C /* Embed Watch Content */ = {
			isa = PBXCopyFilesBuildPhase;
			buildActionMask = 2147483647;
			dstPath = "$(CONTENTS_FOLDER_PATH)/Watch";
			dstSubfolderSpec = 16;
			files = (
				AA0000012F5500000000000E /* Snowly Watch App.app in Embed Watch Content */,
			);
			name = "Embed Watch Content";
			runOnlyForDeploymentPostprocessing = 0;
		};
/* End PBXCopyFilesBuildPhase section */

/* Begin PBXFileReference section */
		33A104382F558EA80066DAF5 /* Snowly.app */ = {isa = PBXFileReference; explicitFileType = wrapper.application; includeInIndex = 0; path = Snowly.app; sourceTree = BUILT_PRODUCTS_DIR; };
		33A104472F558EA90066DAF5 /* SnowlyTests.xctest */ = {isa = PBXFileReference; explicitFileType = wrapper.cfbundle; includeInIndex = 0; path = SnowlyTests.xctest; sourceTree = BUILT_PRODUCTS_DIR; };
		33A104512F558EA90066DAF5 /* SnowlyUITests.xctest */ = {isa = PBXFileReference; explicitFileType = wrapper.cfbundle; includeInIndex = 0; path = SnowlyUITests.xctest; sourceTree = BUILT_PRODUCTS_DIR; };
		33C6BF622F5C52B600DF2C52 /* WidgetKit.framework */ = {isa = PBXFileReference; lastKnownFileType = wrapper.framework; name = WidgetKit.framework; path = System/Library/Frameworks/WidgetKit.framework; sourceTree = SDKROOT; };
		33C6BF642F5C52B700DF2C52 /* SwiftUI.framework */ = {isa = PBXFileReference; lastKnownFileType = wrapper.framework; name = SwiftUI.framework; path = System/Library/Frameworks/SwiftUI.framework; sourceTree = SDKROOT; };
		33C6BFA42F5C530E00DF2C52 /* SnowlyWidgetExtension.appex */ = {isa = PBXFileReference; explicitFileType = "wrapper.app-extension"; includeInIndex = 0; path = SnowlyWidgetExtension.appex; sourceTree = BUILT_PRODUCTS_DIR; };
		AA0000012F5500000000000001 /* Snowly Watch App.app */ = {isa = PBXFileReference; explicitFileType = wrapper.application; includeInIndex = 0; path = "Snowly Watch App.app"; sourceTree = BUILT_PRODUCTS_DIR; };
/* End PBXFileReference section */

/* Begin PBXFileSystemSynchronizedBuildFileExceptionSet section */
		33C6BFB62F5C530F00DF2C52 /* Exceptions for "SnowlyWidgetExtension" folder in "SnowlyWidgetExtension" target */ = {
			isa = PBXFileSystemSynchronizedBuildFileExceptionSet;
			membershipExceptions = (
				Info.plist,
			);
			target = 33C6BFA32F5C530E00DF2C52 /* SnowlyWidgetExtension */;
		};
		33C6BFBA2F5C540000DF2C52 /* Exceptions for "Snowly" folder in "SnowlyWidgetExtension" target */ = {
			isa = PBXFileSystemSynchronizedBuildFileExceptionSet;
			membershipExceptions = (
				Resources/Localizable.xcstrings,
				Shared/QuickActionState.swift,
				Shared/SnowlyActivityAttributes.swift,
				Shared/StartTrackingIntent.swift,
				Shared/TogglePauseIntent.swift,
				Shared/TogglePauseState.swift,
				Shared/UnitSystem.swift,
				Utilities/Formatters.swift,
				Utilities/UnitConversion.swift,
			);
			target = 33C6BFA32F5C530E00DF2C52 /* SnowlyWidgetExtension */;
		};
		AA0000012F550000000000D /* Exceptions for "Snowly" folder in "Snowly Watch App" target */ = {
			isa = PBXFileSystemSynchronizedBuildFileExceptionSet;
			membershipExceptions = (
				"Extensions/Color+Extensions.swift",
				"Extensions/TrackPoint+CoreLocation.swift",
				Services/MotionEstimate.swift,
				Services/MotionEstimator.swift,
				Services/Protocols/MotionDetecting.swift,
				Services/RunDetectionService.swift,
				Shared/RunActivityType.swift,
				Shared/SharedConstants.swift,
				Shared/TrackPoint.swift,
				Shared/UnitSystem.swift,
				Shared/WatchMessage.swift,
				Utilities/Formatters.swift,
				Utilities/UnitConversion.swift,
			);
			target = AA0000012F5500000000000006 /* Snowly Watch App */;
		};
/* End PBXFileSystemSynchronizedBuildFileExceptionSet section */

/* Begin PBXFileSystemSynchronizedRootGroup section */
		33A1043A2F558EA80066DAF5 /* Snowly */ = {
			isa = PBXFileSystemSynchronizedRootGroup;
			exceptions = (
				AA0000012F550000000000D /* Exceptions for "Snowly" folder in "Snowly Watch App" target */,
				33C6BFBA2F5C540000DF2C52 /* Exceptions for "Snowly" folder in "SnowlyWidgetExtension" target */,
			);
			path = Snowly;
			sourceTree = "<group>";
		};
		33A1044A2F558EA90066DAF5 /* SnowlyTests */ = {
			isa = PBXFileSystemSynchronizedRootGroup;
			path = SnowlyTests;
			sourceTree = "<group>";
		};
		33A104542F558EA90066DAF5 /* SnowlyUITests */ = {
			isa = PBXFileSystemSynchronizedRootGroup;
			path = SnowlyUITests;
			sourceTree = "<group>";
		};
		33C6BFA72F5C530E00DF2C52 /* SnowlyWidgetExtension */ = {
			isa = PBXFileSystemSynchronizedRootGroup;
			exceptions = (
				33C6BFB62F5C530F00DF2C52 /* Exceptions for "SnowlyWidgetExtension" folder in "SnowlyWidgetExtension" target */,
			);
			path = SnowlyWidgetExtension;
			sourceTree = "<group>";
		};
		AA0000012F5500000000000002 /* SnowlyWatch */ = {
			isa = PBXFileSystemSynchronizedRootGroup;
			path = SnowlyWatch;
			sourceTree = "<group>";
		};
/* End PBXFileSystemSynchronizedRootGroup section */

/* Begin PBXFrameworksBuildPhase section */
		33A104352F558EA80066DAF5 /* Frameworks */ = {
			isa = PBXFrameworksBuildPhase;
			buildActionMask = 2147483647;
			files = (
			);
			runOnlyForDeploymentPostprocessing = 0;
		};
		33A104442F558EA90066DAF5 /* Frameworks */ = {
			isa = PBXFrameworksBuildPhase;
			buildActionMask = 2147483647;
			files = (
			);
			runOnlyForDeploymentPostprocessing = 0;
		};
		33A1044E2F558EA90066DAF5 /* Frameworks */ = {
			isa = PBXFrameworksBuildPhase;
			buildActionMask = 2147483647;
			files = (
			);
			runOnlyForDeploymentPostprocessing = 0;
		};
		33C6BFA12F5C530E00DF2C52 /* Frameworks */ = {
			isa = PBXFrameworksBuildPhase;
			buildActionMask = 2147483647;
			files = (
				33C6BFA62F5C530E00DF2C52 /* SwiftUI.framework in Frameworks */,
				33C6BFA52F5C530E00DF2C52 /* WidgetKit.framework in Frameworks */,
			);
			runOnlyForDeploymentPostprocessing = 0;
		};
		AA0000012F5500000000000004 /* Frameworks */ = {
			isa = PBXFrameworksBuildPhase;
			buildActionMask = 2147483647;
			files = (
			);
			runOnlyForDeploymentPostprocessing = 0;
		};
/* End PBXFrameworksBuildPhase section */

/* Begin PBXGroup section */
		33A1042F2F558EA80066DAF5 = {
			isa = PBXGroup;
			children = (
				33A1043A2F558EA80066DAF5 /* Snowly */,
				AA0000012F5500000000000002 /* SnowlyWatch */,
				33A1044A2F558EA90066DAF5 /* SnowlyTests */,
				33A104542F558EA90066DAF5 /* SnowlyUITests */,
				33C6BFA72F5C530E00DF2C52 /* SnowlyWidgetExtension */,
				33C6BF612F5C52B600DF2C52 /* Frameworks */,
				33A104392F558EA80066DAF5 /* Products */,
			);
			sourceTree = "<group>";
		};
		33A104392F558EA80066DAF5 /* Products */ = {
			isa = PBXGroup;
			children = (
				33A104382F558EA80066DAF5 /* Snowly.app */,
				AA0000012F5500000000000001 /* Snowly Watch App.app */,
				33A104472F558EA90066DAF5 /* SnowlyTests.xctest */,
				33A104512F558EA90066DAF5 /* SnowlyUITests.xctest */,
				33C6BFA42F5C530E00DF2C52 /* SnowlyWidgetExtension.appex */,
			);
			name = Products;
			sourceTree = "<group>";
		};
		33C6BF612F5C52B600DF2C52 /* Frameworks */ = {
			isa = PBXGroup;
			children = (
				33C6BF622F5C52B600DF2C52 /* WidgetKit.framework */,
				33C6BF642F5C52B700DF2C52 /* SwiftUI.framework */,
			);
			name = Frameworks;
			sourceTree = "<group>";
		};
/* End PBXGroup section */

/* Begin PBXNativeTarget section */
		33A104372F558EA80066DAF5 /* Snowly */ = {
			isa = PBXNativeTarget;
			buildConfigurationList = 33A1045B2F558EA90066DAF5 /* Build configuration list for PBXNativeTarget "Snowly" */;
			buildPhases = (
				33A104342F558EA80066DAF5 /* Sources */,
				33A104352F558EA80066DAF5 /* Frameworks */,
				33A104362F558EA80066DAF5 /* Resources */,
				AA0000012F550000000000C /* Embed Watch Content */,
				33C6BF772F5C52B700DF2C52 /* Embed Foundation Extensions */,
			);
			buildRules = (
			);
			dependencies = (
				AA0000012F550000000000B /* PBXTargetDependency */,
				33C6BFB42F5C530F00DF2C52 /* PBXTargetDependency */,
			);
			fileSystemSynchronizedGroups = (
				33A1043A2F558EA80066DAF5 /* Snowly */,
			);
			name = Snowly;
			packageProductDependencies = (
			);
			productName = Snowly;
			productReference = 33A104382F558EA80066DAF5 /* Snowly.app */;
			productType = "com.apple.product-type.application";
		};
		33A104462F558EA90066DAF5 /* SnowlyTests */ = {
			isa = PBXNativeTarget;
			buildConfigurationList = 33A1045E2F558EA90066DAF5 /* Build configuration list for PBXNativeTarget "SnowlyTests" */;
			buildPhases = (
				33A104432F558EA90066DAF5 /* Sources */,
				33A104442F558EA90066DAF5 /* Frameworks */,
				33A104452F558EA90066DAF5 /* Resources */,
			);
			buildRules = (
			);
			dependencies = (
				33A104492F558EA90066DAF5 /* PBXTargetDependency */,
			);
			fileSystemSynchronizedGroups = (
				33A1044A2F558EA90066DAF5 /* SnowlyTests */,
			);
			name = SnowlyTests;
			packageProductDependencies = (
			);
			productName = SnowlyTests;
			productReference = 33A104472F558EA90066DAF5 /* SnowlyTests.xctest */;
			productType = "com.apple.product-type.bundle.unit-test";
		};
		33A104502F558EA90066DAF5 /* SnowlyUITests */ = {
			isa = PBXNativeTarget;
			buildConfigurationList = 33A104612F558EA90066DAF5 /* Build configuration list for PBXNativeTarget "SnowlyUITests" */;
			buildPhases = (
				33A1044D2F558EA90066DAF5 /* Sources */,
				33A1044E2F558EA90066DAF5 /* Frameworks */,
				33A1044F2F558EA90066DAF5 /* Resources */,
			);
			buildRules = (
			);
			dependencies = (
				33A104532F558EA90066DAF5 /* PBXTargetDependency */,
			);
			fileSystemSynchronizedGroups = (
				33A104542F558EA90066DAF5 /* SnowlyUITests */,
			);
			name = SnowlyUITests;
			packageProductDependencies = (
			);
			productName = SnowlyUITests;
			productReference = 33A104512F558EA90066DAF5 /* SnowlyUITests.xctest */;
			productType = "com.apple.product-type.bundle.ui-testing";
		};
		33C6BFA32F5C530E00DF2C52 /* SnowlyWidgetExtension */ = {
			isa = PBXNativeTarget;
			buildConfigurationList = 33C6BFB72F5C530F00DF2C52 /* Build configuration list for PBXNativeTarget "SnowlyWidgetExtension" */;
			buildPhases = (
				33C6BFA02F5C530E00DF2C52 /* Sources */,
				33C6BFA12F5C530E00DF2C52 /* Frameworks */,
				33C6BFA22F5C530E00DF2C52 /* Resources */,
			);
			buildRules = (
			);
			dependencies = (
			);
			fileSystemSynchronizedGroups = (
				33C6BFA72F5C530E00DF2C52 /* SnowlyWidgetExtension */,
			);
			name = SnowlyWidgetExtension;
			packageProductDependencies = (
			);
			productName = SnowlyWidgetExtension;
			productReference = 33C6BFA42F5C530E00DF2C52 /* SnowlyWidgetExtension.appex */;
			productType = "com.apple.product-type.app-extension";
		};
		AA0000012F5500000000000006 /* Snowly Watch App */ = {
			isa = PBXNativeTarget;
			buildConfigurationList = AA0000012F5500000000000009 /* Build configuration list for PBXNativeTarget "Snowly Watch App" */;
			buildPhases = (
				AA0000012F5500000000000003 /* Sources */,
				AA0000012F5500000000000004 /* Frameworks */,
				AA0000012F5500000000000005 /* Resources */,
			);
			buildRules = (
			);
			dependencies = (
			);
			fileSystemSynchronizedGroups = (
				AA0000012F5500000000000002 /* SnowlyWatch */,
			);
			name = "Snowly Watch App";
			packageProductDependencies = (
			);
			productName = "Snowly Watch App";
			productReference = AA0000012F5500000000000001 /* Snowly Watch App.app */;
			productType = "com.apple.product-type.application";
		};
/* End PBXNativeTarget section */

/* Begin PBXProject section */
		33A104302F558EA80066DAF5 /* Project object */ = {
			isa = PBXProject;
			attributes = {
				BuildIndependentTargetsInParallel = 1;
				LastSwiftUpdateCheck = 2630;
				LastUpgradeCheck = 2630;
				TargetAttributes = {
					33A104372F558EA80066DAF5 = {
						CreatedOnToolsVersion = 26.3;
					};
					33A104462F558EA90066DAF5 = {
						CreatedOnToolsVersion = 26.3;
						TestTargetID = 33A104372F558EA80066DAF5;
					};
					33A104502F558EA90066DAF5 = {
						CreatedOnToolsVersion = 26.3;
						TestTargetID = 33A104372F558EA80066DAF5;
					};
					33C6BFA32F5C530E00DF2C52 = {
						CreatedOnToolsVersion = 26.3;
					};
					AA0000012F5500000000000006 = {
						CreatedOnToolsVersion = 26.3;
					};
				};
			};
			buildConfigurationList = 33A104332F558EA80066DAF5 /* Build configuration list for PBXProject "Snowly" */;
			developmentRegion = en;
			hasScannedForEncodings = 0;
			knownRegions = (
				en,
				Base,
				"zh-Hans",
				sv,
			);
			mainGroup = 33A1042F2F558EA80066DAF5;
			minimizedProjectReferenceProxies = 1;
			preferredProjectObjectVersion = 77;
			productRefGroup = 33A104392F558EA80066DAF5 /* Products */;
			projectDirPath = "";
			projectRoot = "";
			targets = (
				33A104372F558EA80066DAF5 /* Snowly */,
				AA0000012F5500000000000006 /* Snowly Watch App */,
				33A104462F558EA90066DAF5 /* SnowlyTests */,
				33A104502F558EA90066DAF5 /* SnowlyUITests */,
				33C6BFA32F5C530E00DF2C52 /* SnowlyWidgetExtension */,
			);
		};
/* End PBXProject section */

/* Begin PBXResourcesBuildPhase section */
		33A104362F558EA80066DAF5 /* Resources */ = {
			isa = PBXResourcesBuildPhase;
			buildActionMask = 2147483647;
			files = (
			);
			runOnlyForDeploymentPostprocessing = 0;
		};
		33A104452F558EA90066DAF5 /* Resources */ = {
			isa = PBXResourcesBuildPhase;
			buildActionMask = 2147483647;
			files = (
			);
			runOnlyForDeploymentPostprocessing = 0;
		};
		33A1044F2F558EA90066DAF5 /* Resources */ = {
			isa = PBXResourcesBuildPhase;
			buildActionMask = 2147483647;
			files = (
			);
			runOnlyForDeploymentPostprocessing = 0;
		};
		33C6BFA22F5C530E00DF2C52 /* Resources */ = {
			isa = PBXResourcesBuildPhase;
			buildActionMask = 2147483647;
			files = (
			);
			runOnlyForDeploymentPostprocessing = 0;
		};
		AA0000012F5500000000000005 /* Resources */ = {
			isa = PBXResourcesBuildPhase;
			buildActionMask = 2147483647;
			files = (
			);
			runOnlyForDeploymentPostprocessing = 0;
		};
/* End PBXResourcesBuildPhase section */

/* Begin PBXSourcesBuildPhase section */
		33A104342F558EA80066DAF5 /* Sources */ = {
			isa = PBXSourcesBuildPhase;
			buildActionMask = 2147483647;
			files = (
			);
			runOnlyForDeploymentPostprocessing = 0;
		};
		33A104432F558EA90066DAF5 /* Sources */ = {
			isa = PBXSourcesBuildPhase;
			buildActionMask = 2147483647;
			files = (
			);
			runOnlyForDeploymentPostprocessing = 0;
		};
		33A1044D2F558EA90066DAF5 /* Sources */ = {
			isa = PBXSourcesBuildPhase;
			buildActionMask = 2147483647;
			files = (
			);
			runOnlyForDeploymentPostprocessing = 0;
		};
		33C6BFA02F5C530E00DF2C52 /* Sources */ = {
			isa = PBXSourcesBuildPhase;
			buildActionMask = 2147483647;
			files = (
			);
			runOnlyForDeploymentPostprocessing = 0;
		};
		AA0000012F5500000000000003 /* Sources */ = {
			isa = PBXSourcesBuildPhase;
			buildActionMask = 2147483647;
			files = (
			);
			runOnlyForDeploymentPostprocessing = 0;
		};
/* End PBXSourcesBuildPhase section */

/* Begin PBXTargetDependency section */
		33A104492F558EA90066DAF5 /* PBXTargetDependency */ = {
			isa = PBXTargetDependency;
			target = 33A104372F558EA80066DAF5 /* Snowly */;
			targetProxy = 33A104482F558EA90066DAF5 /* PBXContainerItemProxy */;
		};
		33A104532F558EA90066DAF5 /* PBXTargetDependency */ = {
			isa = PBXTargetDependency;
			target = 33A104372F558EA80066DAF5 /* Snowly */;
			targetProxy = 33A104522F558EA90066DAF5 /* PBXContainerItemProxy */;
		};
		33C6BFB42F5C530F00DF2C52 /* PBXTargetDependency */ = {
			isa = PBXTargetDependency;
			target = 33C6BFA32F5C530E00DF2C52 /* SnowlyWidgetExtension */;
			targetProxy = 33C6BFB32F5C530F00DF2C52 /* PBXContainerItemProxy */;
		};
		AA0000012F550000000000B /* PBXTargetDependency */ = {
			isa = PBXTargetDependency;
			target = AA0000012F5500000000000006 /* Snowly Watch App */;
			targetProxy = AA0000012F550000000000A /* PBXContainerItemProxy */;
		};
/* End PBXTargetDependency section */

/* Begin XCBuildConfiguration section */
		33A104592F558EA90066DAF5 /* Debug */ = {
			isa = XCBuildConfiguration;
			buildSettings = {
				ALWAYS_SEARCH_USER_PATHS = NO;
				ASSETCATALOG_COMPILER_GENERATE_SWIFT_ASSET_SYMBOL_EXTENSIONS = YES;
				CLANG_ANALYZER_NONNULL = YES;
				CLANG_ANALYZER_NUMBER_OBJECT_CONVERSION = YES_AGGRESSIVE;
				CLANG_CXX_LANGUAGE_STANDARD = "gnu++20";
				CLANG_ENABLE_MODULES = YES;
				CLANG_ENABLE_OBJC_ARC = YES;
				CLANG_ENABLE_OBJC_WEAK = YES;
				CLANG_WARN_BLOCK_CAPTURE_AUTORELEASING = YES;
				CLANG_WARN_BOOL_CONVERSION = YES;
				CLANG_WARN_COMMA = YES;
				CLANG_WARN_CONSTANT_CONVERSION = YES;
				CLANG_WARN_DEPRECATED_OBJC_IMPLEMENTATIONS = YES;
				CLANG_WARN_DIRECT_OBJC_ISA_USAGE = YES_ERROR;
				CLANG_WARN_DOCUMENTATION_COMMENTS = YES;
				CLANG_WARN_EMPTY_BODY = YES;
				CLANG_WARN_ENUM_CONVERSION = YES;
				CLANG_WARN_INFINITE_RECURSION = YES;
				CLANG_WARN_INT_CONVERSION = YES;
				CLANG_WARN_NON_LITERAL_NULL_CONVERSION = YES;
				CLANG_WARN_OBJC_IMPLICIT_RETAIN_SELF = YES;
				CLANG_WARN_OBJC_LITERAL_CONVERSION = YES;
				CLANG_WARN_OBJC_ROOT_CLASS = YES_ERROR;
				CLANG_WARN_QUOTED_INCLUDE_IN_FRAMEWORK_HEADER = YES;
				CLANG_WARN_RANGE_LOOP_ANALYSIS = YES;
				CLANG_WARN_STRICT_PROTOTYPES = YES;
				CLANG_WARN_SUSPICIOUS_MOVE = YES;
				CLANG_WARN_UNGUARDED_AVAILABILITY = YES_AGGRESSIVE;
				CLANG_WARN_UNREACHABLE_CODE = YES;
				CLANG_WARN__DUPLICATE_METHOD_MATCH = YES;
				COPY_PHASE_STRIP = NO;
				DEBUG_INFORMATION_FORMAT = dwarf;
				ENABLE_STRICT_OBJC_MSGSEND = YES;
				ENABLE_TESTABILITY = YES;
				ENABLE_USER_SCRIPT_SANDBOXING = YES;
				GCC_C_LANGUAGE_STANDARD = gnu17;
				GCC_DYNAMIC_NO_PIC = NO;
				GCC_NO_COMMON_BLOCKS = YES;
				GCC_OPTIMIZATION_LEVEL = 0;
				GCC_PREPROCESSOR_DEFINITIONS = (
					"DEBUG=1",
					"$(inherited)",
				);
				GCC_WARN_64_TO_32_BIT_CONVERSION = YES;
				GCC_WARN_ABOUT_RETURN_TYPE = YES_ERROR;
				GCC_WARN_UNDECLARED_SELECTOR = YES;
				GCC_WARN_UNINITIALIZED_AUTOS = YES_AGGRESSIVE;
				GCC_WARN_UNUSED_FUNCTION = YES;
				GCC_WARN_UNUSED_VARIABLE = YES;
				IPHONEOS_DEPLOYMENT_TARGET = 26.2;
				LOCALIZATION_PREFERS_STRING_CATALOGS = YES;
				MTL_ENABLE_DEBUG_INFO = INCLUDE_SOURCE;
				MTL_FAST_MATH = YES;
				ONLY_ACTIVE_ARCH = YES;
				SDKROOT = iphoneos;
				SWIFT_ACTIVE_COMPILATION_CONDITIONS = "DEBUG $(inherited)";
				SWIFT_OPTIMIZATION_LEVEL = "-Onone";
			};
			name = Debug;
		};
		33A1045A2F558EA90066DAF5 /* Release */ = {
			isa = XCBuildConfiguration;
			buildSettings = {
				ALWAYS_SEARCH_USER_PATHS = NO;
				ASSETCATALOG_COMPILER_GENERATE_SWIFT_ASSET_SYMBOL_EXTENSIONS = YES;
				CLANG_ANALYZER_NONNULL = YES;
				CLANG_ANALYZER_NUMBER_OBJECT_CONVERSION = YES_AGGRESSIVE;
				CLANG_CXX_LANGUAGE_STANDARD = "gnu++20";
				CLANG_ENABLE_MODULES = YES;
				CLANG_ENABLE_OBJC_ARC = YES;
				CLANG_ENABLE_OBJC_WEAK = YES;
				CLANG_WARN_BLOCK_CAPTURE_AUTORELEASING = YES;
				CLANG_WARN_BOOL_CONVERSION = YES;
				CLANG_WARN_COMMA = YES;
				CLANG_WARN_CONSTANT_CONVERSION = YES;
				CLANG_WARN_DEPRECATED_OBJC_IMPLEMENTATIONS = YES;
				CLANG_WARN_DIRECT_OBJC_ISA_USAGE = YES_ERROR;
				CLANG_WARN_DOCUMENTATION_COMMENTS = YES;
				CLANG_WARN_EMPTY_BODY = YES;
				CLANG_WARN_ENUM_CONVERSION = YES;
				CLANG_WARN_INFINITE_RECURSION = YES;
				CLANG_WARN_INT_CONVERSION = YES;
				CLANG_WARN_NON_LITERAL_NULL_CONVERSION = YES;
				CLANG_WARN_OBJC_IMPLICIT_RETAIN_SELF = YES;
				CLANG_WARN_OBJC_LITERAL_CONVERSION = YES;
				CLANG_WARN_OBJC_ROOT_CLASS = YES_ERROR;
				CLANG_WARN_QUOTED_INCLUDE_IN_FRAMEWORK_HEADER = YES;
				CLANG_WARN_RANGE_LOOP_ANALYSIS = YES;
				CLANG_WARN_STRICT_PROTOTYPES = YES;
				CLANG_WARN_SUSPICIOUS_MOVE = YES;
				CLANG_WARN_UNGUARDED_AVAILABILITY = YES_AGGRESSIVE;
				CLANG_WARN_UNREACHABLE_CODE = YES;
				CLANG_WARN__DUPLICATE_METHOD_MATCH = YES;
				COPY_PHASE_STRIP = NO;
				DEBUG_INFORMATION_FORMAT = "dwarf-with-dsym";
				ENABLE_NS_ASSERTIONS = NO;
				ENABLE_STRICT_OBJC_MSGSEND = YES;
				ENABLE_USER_SCRIPT_SANDBOXING = YES;
				GCC_C_LANGUAGE_STANDARD = gnu17;
				GCC_NO_COMMON_BLOCKS = YES;
				GCC_WARN_64_TO_32_BIT_CONVERSION = YES;
				GCC_WARN_ABOUT_RETURN_TYPE = YES_ERROR;
				GCC_WARN_UNDECLARED_SELECTOR = YES;
				GCC_WARN_UNINITIALIZED_AUTOS = YES_AGGRESSIVE;
				GCC_WARN_UNUSED_FUNCTION = YES;
				GCC_WARN_UNUSED_VARIABLE = YES;
				IPHONEOS_DEPLOYMENT_TARGET = 26.2;
				LOCALIZATION_PREFERS_STRING_CATALOGS = YES;
				MTL_ENABLE_DEBUG_INFO = NO;
				MTL_FAST_MATH = YES;
				SDKROOT = iphoneos;
				SWIFT_COMPILATION_MODE = wholemodule;
				VALIDATE_PRODUCT = YES;
			};
			name = Release;
		};
		33A1045C2F558EA90066DAF5 /* Debug */ = {
			isa = XCBuildConfiguration;
			buildSettings = {
				ASSETCATALOG_COMPILER_APPICON_NAME = AppIcon;
				ASSETCATALOG_COMPILER_GLOBAL_ACCENT_COLOR_NAME = AccentColor;
				CODE_SIGN_ENTITLEMENTS = Snowly/Snowly.entitlements;
				CODE_SIGN_STYLE = Automatic;
				CURRENT_PROJECT_VERSION = 1;
				DEVELOPMENT_TEAM = 4DUZQ8DF4R;
				ENABLE_PREVIEWS = YES;
				GENERATE_INFOPLIST_FILE = YES;
				INFOPLIST_FILE = Info.plist;
				INFOPLIST_KEY_NSAppleMusicUsageDescription = "Snowly can open Apple Music now playing when you tap the music button.";
				INFOPLIST_KEY_NSLocationAlwaysAndWhenInUseUsageDescription = "Your phone is in your pocket while you ski — this keeps tracking active when the screen locks.";
				INFOPLIST_KEY_NSLocationWhenInUseUsageDescription = "Snowly tracks your position to record runs and measure speed. One more prompt will follow for background access.";
				INFOPLIST_KEY_NSMotionUsageDescription = "Snowly uses motion sensors to automatically detect when you're skiing or riding a chairlift.";
				INFOPLIST_KEY_NSPhotoLibraryAddUsageDescription = "Snowly needs access to save your ski day share card to Photos.";
				INFOPLIST_KEY_NSSupportsLiveActivities = YES;
				INFOPLIST_KEY_UIApplicationSceneManifest_Generation = YES;
				INFOPLIST_KEY_UIApplicationSupportsIndirectInputEvents = YES;
				INFOPLIST_KEY_UIBackgroundModes = "location remote-notification";
				INFOPLIST_KEY_UILaunchScreen_Generation = YES;
				INFOPLIST_KEY_UISupportedInterfaceOrientations_iPad = "UIInterfaceOrientationPortrait UIInterfaceOrientationPortraitUpsideDown UIInterfaceOrientationLandscapeLeft UIInterfaceOrientationLandscapeRight";
				INFOPLIST_KEY_UISupportedInterfaceOrientations_iPhone = "UIInterfaceOrientationPortrait UIInterfaceOrientationLandscapeLeft UIInterfaceOrientationLandscapeRight";
				LD_RUNPATH_SEARCH_PATHS = (
					"$(inherited)",
					"@executable_path/Frameworks",
				);
				MARKETING_VERSION = 1.0;
				PRODUCT_BUNDLE_IDENTIFIER = "Roy-Kid.Snowly";
				PRODUCT_NAME = "$(TARGET_NAME)";
				STRING_CATALOG_GENERATE_SYMBOLS = YES;
				SUPPORTED_PLATFORMS = "iphoneos iphonesimulator";
				SUPPORTS_MACCATALYST = NO;
				SUPPORTS_MAC_DESIGNED_FOR_IPHONE_IPAD = NO;
				SUPPORTS_XR_DESIGNED_FOR_IPHONE_IPAD = NO;
				SWIFT_APPROACHABLE_CONCURRENCY = YES;
				SWIFT_DEFAULT_ACTOR_ISOLATION = MainActor;
				SWIFT_EMIT_LOC_STRINGS = YES;
				SWIFT_UPCOMING_FEATURE_MEMBER_IMPORT_VISIBILITY = YES;
				SWIFT_VERSION = 5.0;
				TARGETED_DEVICE_FAMILY = 1;
			};
			name = Debug;
		};
		33A1045D2F558EA90066DAF5 /* Release */ = {
			isa = XCBuildConfiguration;
			buildSettings = {
				ASSETCATALOG_COMPILER_APPICON_NAME = AppIcon;
				ASSETCATALOG_COMPILER_GLOBAL_ACCENT_COLOR_NAME = AccentColor;
				CODE_SIGN_ENTITLEMENTS = Snowly/Snowly.entitlements;
				CODE_SIGN_STYLE = Automatic;
				CURRENT_PROJECT_VERSION = 1;
				DEVELOPMENT_TEAM = 4DUZQ8DF4R;
				ENABLE_PREVIEWS = YES;
				GENERATE_INFOPLIST_FILE = YES;
				INFOPLIST_FILE = Info.plist;
				INFOPLIST_KEY_NSAppleMusicUsageDescription = "Snowly can open Apple Music now playing when you tap the music button.";
				INFOPLIST_KEY_NSLocationAlwaysAndWhenInUseUsageDescription = "Your phone is in your pocket while you ski — this keeps tracking active when the screen locks.";
				INFOPLIST_KEY_NSLocationWhenInUseUsageDescription = "Snowly tracks your position to record runs and measure speed. One more prompt will follow for background access.";
				INFOPLIST_KEY_NSMotionUsageDescription = "Snowly uses motion sensors to automatically detect when you're skiing or riding a chairlift.";
				INFOPLIST_KEY_NSPhotoLibraryAddUsageDescription = "Snowly needs access to save your ski day share card to Photos.";
				INFOPLIST_KEY_NSSupportsLiveActivities = YES;
				INFOPLIST_KEY_UIApplicationSceneManifest_Generation = YES;
				INFOPLIST_KEY_UIApplicationSupportsIndirectInputEvents = YES;
				INFOPLIST_KEY_UIBackgroundModes = "location remote-notification";
				INFOPLIST_KEY_UILaunchScreen_Generation = YES;
				INFOPLIST_KEY_UISupportedInterfaceOrientations_iPad = "UIInterfaceOrientationPortrait UIInterfaceOrientationPortraitUpsideDown UIInterfaceOrientationLandscapeLeft UIInterfaceOrientationLandscapeRight";
				INFOPLIST_KEY_UISupportedInterfaceOrientations_iPhone = "UIInterfaceOrientationPortrait UIInterfaceOrientationLandscapeLeft UIInterfaceOrientationLandscapeRight";
				LD_RUNPATH_SEARCH_PATHS = (
					"$(inherited)",
					"@executable_path/Frameworks",
				);
				MARKETING_VERSION = 1.0;
				PRODUCT_BUNDLE_IDENTIFIER = "Roy-Kid.Snowly";
				PRODUCT_NAME = "$(TARGET_NAME)";
				STRING_CATALOG_GENERATE_SYMBOLS = YES;
				SUPPORTED_PLATFORMS = "iphoneos iphonesimulator";
				SUPPORTS_MACCATALYST = NO;
				SUPPORTS_MAC_DESIGNED_FOR_IPHONE_IPAD = NO;
				SUPPORTS_XR_DESIGNED_FOR_IPHONE_IPAD = NO;
				SWIFT_APPROACHABLE_CONCURRENCY = YES;
				SWIFT_DEFAULT_ACTOR_ISOLATION = MainActor;
				SWIFT_EMIT_LOC_STRINGS = YES;
				SWIFT_UPCOMING_FEATURE_MEMBER_IMPORT_VISIBILITY = YES;
				SWIFT_VERSION = 5.0;
				TARGETED_DEVICE_FAMILY = 1;
			};
			name = Release;
		};
		33A1045F2F558EA90066DAF5 /* Debug */ = {
			isa = XCBuildConfiguration;
			buildSettings = {
				BUNDLE_LOADER = "$(TEST_HOST)";
				CODE_SIGN_STYLE = Automatic;
				CURRENT_PROJECT_VERSION = 1;
				DEVELOPMENT_TEAM = 4DUZQ8DF4R;
				GENERATE_INFOPLIST_FILE = YES;
				IPHONEOS_DEPLOYMENT_TARGET = 26.2;
				MARKETING_VERSION = 1.0;
				PRODUCT_BUNDLE_IDENTIFIER = "Roy-Kid.SnowlyTests";
				PRODUCT_NAME = "$(TARGET_NAME)";
				STRING_CATALOG_GENERATE_SYMBOLS = NO;
				SUPPORTED_PLATFORMS = "iphoneos iphonesimulator";
				SUPPORTS_MACCATALYST = NO;
				SUPPORTS_MAC_DESIGNED_FOR_IPHONE_IPAD = NO;
				SUPPORTS_XR_DESIGNED_FOR_IPHONE_IPAD = NO;
				SWIFT_APPROACHABLE_CONCURRENCY = YES;
				SWIFT_EMIT_LOC_STRINGS = NO;
				SWIFT_UPCOMING_FEATURE_MEMBER_IMPORT_VISIBILITY = YES;
				SWIFT_VERSION = 5.0;
				TARGETED_DEVICE_FAMILY = 1;
				TEST_HOST = "$(BUILT_PRODUCTS_DIR)/Snowly.app/$(BUNDLE_EXECUTABLE_FOLDER_PATH)/Snowly";
			};
			name = Debug;
		};
		33A104602F558EA90066DAF5 /* Release */ = {
			isa = XCBuildConfiguration;
			buildSettings = {
				BUNDLE_LOADER = "$(TEST_HOST)";
				CODE_SIGN_STYLE = Automatic;
				CURRENT_PROJECT_VERSION = 1;
				DEVELOPMENT_TEAM = 4DUZQ8DF4R;
				GENERATE_INFOPLIST_FILE = YES;
				IPHONEOS_DEPLOYMENT_TARGET = 26.2;
				MARKETING_VERSION = 1.0;
				PRODUCT_BUNDLE_IDENTIFIER = "Roy-Kid.SnowlyTests";
				PRODUCT_NAME = "$(TARGET_NAME)";
				STRING_CATALOG_GENERATE_SYMBOLS = NO;
				SUPPORTED_PLATFORMS = "iphoneos iphonesimulator";
				SUPPORTS_MACCATALYST = NO;
				SUPPORTS_MAC_DESIGNED_FOR_IPHONE_IPAD = NO;
				SUPPORTS_XR_DESIGNED_FOR_IPHONE_IPAD = NO;
				SWIFT_APPROACHABLE_CONCURRENCY = YES;
				SWIFT_EMIT_LOC_STRINGS = NO;
				SWIFT_UPCOMING_FEATURE_MEMBER_IMPORT_VISIBILITY = YES;
				SWIFT_VERSION = 5.0;
				TARGETED_DEVICE_FAMILY = 1;
				TEST_HOST = "$(BUILT_PRODUCTS_DIR)/Snowly.app/$(BUNDLE_EXECUTABLE_FOLDER_PATH)/Snowly";
			};
			name = Release;
		};
		33A104622F558EA90066DAF5 /* Debug */ = {
			isa = XCBuildConfiguration;
			buildSettings = {
				CODE_SIGN_STYLE = Automatic;
				CURRENT_PROJECT_VERSION = 1;
				DEVELOPMENT_TEAM = 4DUZQ8DF4R;
				GENERATE_INFOPLIST_FILE = YES;
				MARKETING_VERSION = 1.0;
				PRODUCT_BUNDLE_IDENTIFIER = "Roy-Kid.SnowlyUITests";
				PRODUCT_NAME = "$(TARGET_NAME)";
				STRING_CATALOG_GENERATE_SYMBOLS = NO;
				SUPPORTED_PLATFORMS = "iphoneos iphonesimulator";
				SUPPORTS_MACCATALYST = NO;
				SUPPORTS_MAC_DESIGNED_FOR_IPHONE_IPAD = NO;
				SUPPORTS_XR_DESIGNED_FOR_IPHONE_IPAD = NO;
				SWIFT_APPROACHABLE_CONCURRENCY = YES;
				SWIFT_EMIT_LOC_STRINGS = NO;
				SWIFT_UPCOMING_FEATURE_MEMBER_IMPORT_VISIBILITY = YES;
				SWIFT_VERSION = 5.0;
				TARGETED_DEVICE_FAMILY = 1;
				TEST_TARGET_NAME = Snowly;
			};
			name = Debug;
		};
		33A104632F558EA90066DAF5 /* Release */ = {
			isa = XCBuildConfiguration;
			buildSettings = {
				CODE_SIGN_STYLE = Automatic;
				CURRENT_PROJECT_VERSION = 1;
				DEVELOPMENT_TEAM = 4DUZQ8DF4R;
				GENERATE_INFOPLIST_FILE = YES;
				MARKETING_VERSION = 1.0;
				PRODUCT_BUNDLE_IDENTIFIER = "Roy-Kid.SnowlyUITests";
				PRODUCT_NAME = "$(TARGET_NAME)";
				STRING_CATALOG_GENERATE_SYMBOLS = NO;
				SUPPORTED_PLATFORMS = "iphoneos iphonesimulator";
				SUPPORTS_MACCATALYST = NO;
				SUPPORTS_MAC_DESIGNED_FOR_IPHONE_IPAD = NO;
				SUPPORTS_XR_DESIGNED_FOR_IPHONE_IPAD = NO;
				SWIFT_APPROACHABLE_CONCURRENCY = YES;
				SWIFT_EMIT_LOC_STRINGS = NO;
				SWIFT_UPCOMING_FEATURE_MEMBER_IMPORT_VISIBILITY = YES;
				SWIFT_VERSION = 5.0;
				TARGETED_DEVICE_FAMILY = 1;
				TEST_TARGET_NAME = Snowly;
			};
			name = Release;
		};
		33C6BFB82F5C530F00DF2C52 /* Debug */ = {
			isa = XCBuildConfiguration;
			buildSettings = {
				ASSETCATALOG_COMPILER_GLOBAL_ACCENT_COLOR_NAME = AccentColor;
				ASSETCATALOG_COMPILER_WIDGET_BACKGROUND_COLOR_NAME = WidgetBackground;
				CODE_SIGN_STYLE = Automatic;
				CURRENT_PROJECT_VERSION = 1;
				DEVELOPMENT_TEAM = 4DUZQ8DF4R;
				GENERATE_INFOPLIST_FILE = YES;
				INFOPLIST_FILE = SnowlyWidgetExtension/Info.plist;
				INFOPLIST_KEY_CFBundleDisplayName = SnowlyWidgetExtension;
				INFOPLIST_KEY_NSHumanReadableCopyright = "";
				LD_RUNPATH_SEARCH_PATHS = (
					"$(inherited)",
					"@executable_path/Frameworks",
					"@executable_path/../../Frameworks",
				);
				MARKETING_VERSION = 1.0;
				PRODUCT_BUNDLE_IDENTIFIER = "Roy-Kid.Snowly.SnowlyWidgetExtension";
				PRODUCT_NAME = "$(TARGET_NAME)";
				SKIP_INSTALL = YES;
				STRING_CATALOG_GENERATE_SYMBOLS = YES;
				SWIFT_APPROACHABLE_CONCURRENCY = YES;
				SWIFT_EMIT_LOC_STRINGS = YES;
				SWIFT_UPCOMING_FEATURE_MEMBER_IMPORT_VISIBILITY = YES;
				SWIFT_VERSION = 5.0;
				TARGETED_DEVICE_FAMILY = "1,2";
			};
			name = Debug;
		};
		33C6BFB92F5C530F00DF2C52 /* Release */ = {
			isa = XCBuildConfiguration;
			buildSettings = {
				ASSETCATALOG_COMPILER_GLOBAL_ACCENT_COLOR_NAME = AccentColor;
				ASSETCATALOG_COMPILER_WIDGET_BACKGROUND_COLOR_NAME = WidgetBackground;
				CODE_SIGN_STYLE = Automatic;
				CURRENT_PROJECT_VERSION = 1;
				DEVELOPMENT_TEAM = 4DUZQ8DF4R;
				GENERATE_INFOPLIST_FILE = YES;
				INFOPLIST_FILE = SnowlyWidgetExtension/Info.plist;
				INFOPLIST_KEY_CFBundleDisplayName = SnowlyWidgetExtension;
				INFOPLIST_KEY_NSHumanReadableCopyright = "";
				LD_RUNPATH_SEARCH_PATHS = (
					"$(inherited)",
					"@executable_path/Frameworks",
					"@executable_path/../../Frameworks",
				);
				MARKETING_VERSION = 1.0;
				PRODUCT_BUNDLE_IDENTIFIER = "Roy-Kid.Snowly.SnowlyWidgetExtension";
				PRODUCT_NAME = "$(TARGET_NAME)";
				SKIP_INSTALL = YES;
				STRING_CATALOG_GENERATE_SYMBOLS = YES;
				SWIFT_APPROACHABLE_CONCURRENCY = YES;
				SWIFT_EMIT_LOC_STRINGS = YES;
				SWIFT_UPCOMING_FEATURE_MEMBER_IMPORT_VISIBILITY = YES;
				SWIFT_VERSION = 5.0;
				TARGETED_DEVICE_FAMILY = "1,2";
			};
			name = Release;
		};
		AA0000012F5500000000000007 /* Debug */ = {
			isa = XCBuildConfiguration;
			buildSettings = {
				ASSETCATALOG_COMPILER_APPICON_NAME = AppIcon;
				ASSETCATALOG_COMPILER_GLOBAL_ACCENT_COLOR_NAME = AccentColor;
				CODE_SIGN_ENTITLEMENTS = SnowlyWatch/SnowlyWatch.entitlements;
				CODE_SIGN_STYLE = Automatic;
				CURRENT_PROJECT_VERSION = 1;
				DEVELOPMENT_TEAM = 4DUZQ8DF4R;
				ENABLE_PREVIEWS = YES;
				GENERATE_INFOPLIST_FILE = YES;
				INFOPLIST_KEY_CFBundleDisplayName = Snowly;
				INFOPLIST_KEY_NSLocationWhenInUseUsageDescription = "Snowly needs your location to track ski runs on Apple Watch.";
				INFOPLIST_KEY_UISupportedInterfaceOrientations = "UIInterfaceOrientationPortrait UIInterfaceOrientationPortraitUpsideDown";
				INFOPLIST_KEY_WKCompanionAppBundleIdentifier = "Roy-Kid.Snowly";
				LD_RUNPATH_SEARCH_PATHS = (
					"$(inherited)",
					"@executable_path/Frameworks",
				);
				MARKETING_VERSION = 1.0;
				PRODUCT_BUNDLE_IDENTIFIER = "Roy-Kid.Snowly.watchkitapp";
				PRODUCT_NAME = "$(TARGET_NAME)";
				SDKROOT = watchos;
				SKIP_INSTALL = YES;
				STRING_CATALOG_GENERATE_SYMBOLS = YES;
				SUPPORTED_PLATFORMS = "watchos watchsimulator";
				SUPPORTS_MACCATALYST = NO;
				SWIFT_APPROACHABLE_CONCURRENCY = YES;
				SWIFT_DEFAULT_ACTOR_ISOLATION = MainActor;
				SWIFT_EMIT_LOC_STRINGS = YES;
				SWIFT_UPCOMING_FEATURE_MEMBER_IMPORT_VISIBILITY = YES;
				SWIFT_VERSION = 5.0;
				TARGETED_DEVICE_FAMILY = 4;
				WATCHOS_DEPLOYMENT_TARGET = 26.2;
			};
			name = Debug;
		};
		AA0000012F5500000000000008 /* Release */ = {
			isa = XCBuildConfiguration;
			buildSettings = {
				ASSETCATALOG_COMPILER_APPICON_NAME = AppIcon;
				ASSETCATALOG_COMPILER_GLOBAL_ACCENT_COLOR_NAME = AccentColor;
				CODE_SIGN_ENTITLEMENTS = SnowlyWatch/SnowlyWatch.entitlements;
				CODE_SIGN_STYLE = Automatic;
				CURRENT_PROJECT_VERSION = 1;
				DEVELOPMENT_TEAM = 4DUZQ8DF4R;
				ENABLE_PREVIEWS = YES;
				GENERATE_INFOPLIST_FILE = YES;
				INFOPLIST_KEY_CFBundleDisplayName = Snowly;
				INFOPLIST_KEY_NSLocationWhenInUseUsageDescription = "Snowly needs your location to track ski runs on Apple Watch.";
				INFOPLIST_KEY_UISupportedInterfaceOrientations = "UIInterfaceOrientationPortrait UIInterfaceOrientationPortraitUpsideDown";
				INFOPLIST_KEY_WKCompanionAppBundleIdentifier = "Roy-Kid.Snowly";
				LD_RUNPATH_SEARCH_PATHS = (
					"$(inherited)",
					"@executable_path/Frameworks",
				);
				MARKETING_VERSION = 1.0;
				PRODUCT_BUNDLE_IDENTIFIER = "Roy-Kid.Snowly.watchkitapp";
				PRODUCT_NAME = "$(TARGET_NAME)";
				SDKROOT = watchos;
				SKIP_INSTALL = YES;
				STRING_CATALOG_GENERATE_SYMBOLS = YES;
				SUPPORTED_PLATFORMS = "watchos watchsimulator";
				SUPPORTS_MACCATALYST = NO;
				SWIFT_APPROACHABLE_CONCURRENCY = YES;
				SWIFT_DEFAULT_ACTOR_ISOLATION = MainActor;
				SWIFT_EMIT_LOC_STRINGS = YES;
				SWIFT_UPCOMING_FEATURE_MEMBER_IMPORT_VISIBILITY = YES;
				SWIFT_VERSION = 5.0;
				TARGETED_DEVICE_FAMILY = 4;
				WATCHOS_DEPLOYMENT_TARGET = 26.2;
			};
			name = Release;
		};
/* End XCBuildConfiguration section */

/* Begin XCConfigurationList section */
		33A104332F558EA80066DAF5 /* Build configuration list for PBXProject "Snowly" */ = {
			isa = XCConfigurationList;
			buildConfigurations = (
				33A104592F558EA90066DAF5 /* Debug */,
				33A1045A2F558EA90066DAF5 /* Release */,
			);
			defaultConfigurationIsVisible = 0;
			defaultConfigurationName = Release;
		};
		33A1045B2F558EA90066DAF5 /* Build configuration list for PBXNativeTarget "Snowly" */ = {
			isa = XCConfigurationList;
			buildConfigurations = (
				33A1045C2F558EA90066DAF5 /* Debug */,
				33A1045D2F558EA90066DAF5 /* Release */,
			);
			defaultConfigurationIsVisible = 0;
			defaultConfigurationName = Release;
		};
		33A1045E2F558EA90066DAF5 /* Build configuration list for PBXNativeTarget "SnowlyTests" */ = {
			isa = XCConfigurationList;
			buildConfigurations = (
				33A1045F2F558EA90066DAF5 /* Debug */,
				33A104602F558EA90066DAF5 /* Release */,
			);
			defaultConfigurationIsVisible = 0;
			defaultConfigurationName = Release;
		};
		33A104612F558EA90066DAF5 /* Build configuration list for PBXNativeTarget "SnowlyUITests" */ = {
			isa = XCConfigurationList;
			buildConfigurations = (
				33A104622F558EA90066DAF5 /* Debug */,
				33A104632F558EA90066DAF5 /* Release */,
			);
			defaultConfigurationIsVisible = 0;
			defaultConfigurationName = Release;
		};
		33C6BFB72F5C530F00DF2C52 /* Build configuration list for PBXNativeTarget "SnowlyWidgetExtension" */ = {
			isa = XCConfigurationList;
			buildConfigurations = (
				33C6BFB82F5C530F00DF2C52 /* Debug */,
				33C6BFB92F5C530F00DF2C52 /* Release */,
			);
			defaultConfigurationIsVisible = 0;
			defaultConfigurationName = Release;
		};
		AA0000012F5500000000000009 /* Build configuration list for PBXNativeTarget "Snowly Watch App" */ = {
			isa = XCConfigurationList;
			buildConfigurations = (
				AA0000012F5500000000000007 /* Debug */,
				AA0000012F5500000000000008 /* Release */,
			);
			defaultConfigurationIsVisible = 0;
			defaultConfigurationName = Release;
		};
/* End XCConfigurationList section */
	};
	rootObject = 33A104302F558EA80066DAF5 /* Project object */;
}
